
Microsoft Visual Studio Solution File, Format Version 12.00
# Visual Studio Version 17
VisualStudioVersion = 17.7.34024.191
MinimumVisualStudioVersion = 10.0.40219.1
Project("{9A19103F-16F7-4668-BE54-9A1E7A4F7556}") = "AuthenticationClient", "AuthenticationClient\AuthenticationClient.csproj", "{1388E66E-6800-4A59-B947-0C0731763D80}"
EndProject
Project("{9A19103F-16F7-4668-BE54-9A1E7A4F7556}") = "TCPOS.Authentication", "TCPOS.Authentication\TCPOS.Authentication.csproj", "{0DBEE5A6-F787-49FE-94C3-3CC47DDD176A}"
EndProject
Project("{9A19103F-16F7-4668-BE54-9A1E7A4F7556}") = "TCPOS.Authentication.Tests", "TCPOS.Authentication.Tests\TCPOS.Authentication.Tests.csproj", "{ED1BFAA1-19E0-49F6-8E2D-24EEDFEB67A3}"
EndProject
Global
	GlobalSection(SolutionConfigurationPlatforms) = preSolution
		Debug|Any CPU = Debug|Any CPU
		Release|Any CPU = Release|Any CPU
	EndGlobalSection
	GlobalSection(ProjectConfigurationPlatforms) = postSolution
		{1388E66E-6800-4A59-B947-0C0731763D80}.Debug|Any CPU.ActiveCfg = Debug|Any CPU
		{1388E66E-6800-4A59-B947-0C0731763D80}.Debug|Any CPU.Build.0 = Debug|Any CPU
		{1388E66E-6800-4A59-B947-0C0731763D80}.Release|Any CPU.ActiveCfg = Release|Any CPU
		{1388E66E-6800-4A59-B947-0C0731763D80}.Release|Any CPU.Build.0 = Release|Any CPU
		{0DBEE5A6-F787-49FE-94C3-3CC47DDD176A}.Debug|Any CPU.ActiveCfg = Debug|Any CPU
		{0DBEE5A6-F787-49FE-94C3-3CC47DDD176A}.Debug|Any CPU.Build.0 = Debug|Any CPU
		{0DBEE5A6-F787-49FE-94C3-3CC47DDD176A}.Release|Any CPU.ActiveCfg = Release|Any CPU
		{0DBEE5A6-F787-49FE-94C3-3CC47DDD176A}.Release|Any CPU.Build.0 = Release|Any CPU
		{ED1BFAA1-19E0-49F6-8E2D-24EEDFEB67A3}.Debug|Any CPU.ActiveCfg = Debug|Any CPU
		{ED1BFAA1-19E0-49F6-8E2D-24EEDFEB67A3}.Debug|Any CPU.Build.0 = Debug|Any CPU
		{ED1BFAA1-19E0-49F6-8E2D-24EEDFEB67A3}.Release|Any CPU.ActiveCfg = Release|Any CPU
		{ED1BFAA1-19E0-49F6-8E2D-24EEDFEB67A3}.Release|Any CPU.Build.0 = Release|Any CPU
	EndGlobalSection
	GlobalSection(SolutionProperties) = preSolution
		HideSolutionNode = FALSE
	EndGlobalSection
	GlobalSection(ExtensibilityGlobals) = postSolution
		SolutionGuid = {2B234A27-7822-464B-AB1B-55C345FCB219}
	EndGlobalSection
EndGlobal
